{
  "requires": true,
  "lockfileVersion": 1,
  "dependencies": {
    "@types/estree": {
      "version": "0.0.40",
      "resolved": "https://registry.npmjs.org/@types/estree/-/estree-0.0.40.tgz",
      "integrity": "sha512-p3KZgMto/JyxosKGmnLDJ/dG5wf+qTRMUjHJcspC2oQKa4jP7mz+tv0ND56lLBu3ojHlhzY33Ol+khLyNmilkA=="
    },
    "@types/node": {
      "version": "12.12.14",
      "resolved": "https://registry.npmjs.org/@types/node/-/node-12.12.14.tgz",
      "integrity": "sha512-u/SJDyXwuihpwjXy7hOOghagLEV1KdAST6syfnOk6QZAMzZuWZqXy5aYYZbh8Jdpd4escVFP0MvftHNDb9pruA=="
    },
    "acorn": {
      "version": "7.1.1",
      "resolved": "https://registry.npmjs.org/acorn/-/acorn-7.1.1.tgz",
      "integrity": "sha512-add7dgA5ppRPxCFJoAGfMDi7PIBXq1RtGo7BhbLaxwrXPOmw8gq48Y9ozT01hUKy9byMjlR20EJhu5zlkErEkg=="
    },
    "rollup": {
      "version": "1.27.5",
      "resolved": "https://registry.npmjs.org/rollup/-/rollup-1.27.5.tgz",
      "integrity": "sha512-8rfVdzuTg2kt8ObD9LNJpEwUN7B6lsl3sHc5fddtgICpLjpYeSf4m2+RftBzcCaBTMi1iYX3Ez8zFT4Gj2nJjg==",
      "requires": {
        "@types/estree": "*",
        "@types/node": "*",
        "acorn": "^7.1.0"
      }
    },
    "typescript": {
      "version": "3.7.2",
      "resolved": "https://registry.npmjs.org/typescript/-/typescript-3.7.2.tgz",
      "integrity": "sha512-ml7V7JfiN2Xwvcer+XAf2csGO1bPBdRbFCkYBczNZggrBZ9c7G3riSUeJmqEU5uOtXNPMhE3n+R4FA/3YOAWOQ=="
    }
  }
}
